
Microsoft Visual Studio Solution File, Format Version 12.00
# Visual Studio Version 16
VisualStudioVersion = 16.0.31410.357
MinimumVisualStudioVersion = 10.0.40219.1
Project("{FAE04EC0-301F-11D3-BF4B-00C04F79EFBC}") = "FavoriteDonutes", "FavoriteDonutes\FavoriteDonutes.csproj", "{FF17A00C-1197-43DF-B688-A5FF4587AF84}"
EndProject
Global
	GlobalSection(SolutionConfigurationPlatforms) = preSolution
		Debug|Any CPU = Debug|Any CPU
		Release|Any CPU = Release|Any CPU
	EndGlobalSection
	GlobalSection(ProjectConfigurationPlatforms) = postSolution
		{FF17A00C-1197-43DF-B688-A5FF4587AF84}.Debug|Any CPU.ActiveCfg = Debug|Any CPU
		{FF17A00C-1197-43DF-B688-A5FF4587AF84}.Debug|Any CPU.Build.0 = Debug|Any CPU
		{FF17A00C-1197-43DF-B688-A5FF4587AF84}.Release|Any CPU.ActiveCfg = Release|Any CPU
		{FF17A00C-1197-43DF-B688-A5FF4587AF84}.Release|Any CPU.Build.0 = Release|Any CPU
	EndGlobalSection
	GlobalSection(SolutionProperties) = preSolution
		HideSolutionNode = FALSE
	EndGlobalSection
	GlobalSection(ExtensibilityGlobals) = postSolution
		SolutionGuid = {E67BA589-3C03-49B1-8B37-7531D9C2B80A}
	EndGlobalSection
EndGlobal
